
Microsoft Visual Studio Solution File, Format Version 12.00
# Visual Studio Version 16
VisualStudioVersion = 16.0.29613.14
MinimumVisualStudioVersion = 10.0.40219.1
Project("{FAE04EC0-301F-11D3-BF4B-00C04F79EFBC}") = "MVC.C", "MVC.C\MVC.C.csproj", "{C2467B81-44F0-4E67-ABA6-5A2858008173}"
EndProject
Global
	GlobalSection(SolutionConfigurationPlatforms) = preSolution
		Debug|Any CPU = Debug|Any CPU
		Release|Any CPU = Release|Any CPU
	EndGlobalSection
	GlobalSection(ProjectConfigurationPlatforms) = postSolution
		{C2467B81-44F0-4E67-ABA6-5A2858008173}.Debug|Any CPU.ActiveCfg = Debug|Any CPU
		{C2467B81-44F0-4E67-ABA6-5A2858008173}.Debug|Any CPU.Build.0 = Debug|Any CPU
		{C2467B81-44F0-4E67-ABA6-5A2858008173}.Release|Any CPU.ActiveCfg = Release|Any CPU
		{C2467B81-44F0-4E67-ABA6-5A2858008173}.Release|Any CPU.Build.0 = Release|Any CPU
	EndGlobalSection
	GlobalSection(SolutionProperties) = preSolution
		HideSolutionNode = FALSE
	EndGlobalSection
	GlobalSection(ExtensibilityGlobals) = postSolution
		SolutionGuid = {89D34D8A-E04B-4832-94A6-283564F4D3A1}
	EndGlobalSection
EndGlobal
